
Microsoft Visual Studio Solution File, Format Version 12.00
# Visual Studio 14
VisualStudioVersion = 14.0.23107.0
MinimumVisualStudioVersion = 10.0.40219.1
Project("{F088123C-0E9E-452A-89E6-6BA2F21D5CAC}") = "TentaModel", "TentaModel\TentaModel.modelproj", "{FF1256EF-9686-4320-9D8E-4D0D04344F17}"
EndProject
Project("{FAE04EC0-301F-11D3-BF4B-00C04F79EFBC}") = "TentaModelLib", "TentaModelLib\TentaModelLib.csproj", "{2DED4480-70DB-41FD-8B1B-3536EB6DD754}"
EndProject
Project("{FAE04EC0-301F-11D3-BF4B-00C04F79EFBC}") = "MovieSystemTests", "MovieSystemTests\MovieSystemTests.csproj", "{06DF2342-4278-43E4-AE50-5E83AEDB6F29}"
EndProject
Global
	GlobalSection(SolutionConfigurationPlatforms) = preSolution
		Debug|Any CPU = Debug|Any CPU
		Release|Any CPU = Release|Any CPU
	EndGlobalSection
	GlobalSection(ProjectConfigurationPlatforms) = postSolution
		{FF1256EF-9686-4320-9D8E-4D0D04344F17}.Debug|Any CPU.ActiveCfg = Debug|Any CPU
		{FF1256EF-9686-4320-9D8E-4D0D04344F17}.Debug|Any CPU.Build.0 = Debug|Any CPU
		{FF1256EF-9686-4320-9D8E-4D0D04344F17}.Release|Any CPU.ActiveCfg = Release|Any CPU
		{FF1256EF-9686-4320-9D8E-4D0D04344F17}.Release|Any CPU.Build.0 = Release|Any CPU
		{2DED4480-70DB-41FD-8B1B-3536EB6DD754}.Debug|Any CPU.ActiveCfg = Debug|Any CPU
		{2DED4480-70DB-41FD-8B1B-3536EB6DD754}.Debug|Any CPU.Build.0 = Debug|Any CPU
		{2DED4480-70DB-41FD-8B1B-3536EB6DD754}.Release|Any CPU.ActiveCfg = Release|Any CPU
		{2DED4480-70DB-41FD-8B1B-3536EB6DD754}.Release|Any CPU.Build.0 = Release|Any CPU
		{06DF2342-4278-43E4-AE50-5E83AEDB6F29}.Debug|Any CPU.ActiveCfg = Debug|Any CPU
		{06DF2342-4278-43E4-AE50-5E83AEDB6F29}.Debug|Any CPU.Build.0 = Debug|Any CPU
		{06DF2342-4278-43E4-AE50-5E83AEDB6F29}.Release|Any CPU.ActiveCfg = Release|Any CPU
		{06DF2342-4278-43E4-AE50-5E83AEDB6F29}.Release|Any CPU.Build.0 = Release|Any CPU
	EndGlobalSection
	GlobalSection(SolutionProperties) = preSolution
		HideSolutionNode = FALSE
	EndGlobalSection
EndGlobal
